
Microsoft Visual Studio Solution File, Format Version 12.00
# Visual Studio 15
VisualStudioVersion = 15.0.27428.2005
MinimumVisualStudioVersion = 10.0.40219.1
Project("{E24C65DC-7377-472B-9ABA-BC803B73C61A}") = "ChallengePostageCalculator", "ChallengePostageCalculator\", "{DE9C8953-93A7-4FED-9609-0C9F393388B2}"
	ProjectSection(WebsiteProperties) = preProject
		TargetFrameworkMoniker = ".NETFramework,Version%3Dv4.6.1"
		Debug.AspNetCompiler.VirtualPath = "/localhost_55594"
		Debug.AspNetCompiler.PhysicalPath = "ChallengePostageCalculator\"
		Debug.AspNetCompiler.TargetPath = "PrecompiledWeb\localhost_55594\"
		Debug.AspNetCompiler.Updateable = "true"
		Debug.AspNetCompiler.ForceOverwrite = "true"
		Debug.AspNetCompiler.FixedNames = "false"
		Debug.AspNetCompiler.Debug = "True"
		Release.AspNetCompiler.VirtualPath = "/localhost_55594"
		Release.AspNetCompiler.PhysicalPath = "ChallengePostageCalculator\"
		Release.AspNetCompiler.TargetPath = "PrecompiledWeb\localhost_55594\"
		Release.AspNetCompiler.Updateable = "true"
		Release.AspNetCompiler.ForceOverwrite = "true"
		Release.AspNetCompiler.FixedNames = "false"
		Release.AspNetCompiler.Debug = "False"
		VWDPort = "55594"
		SlnRelativePath = "ChallengePostageCalculator\"
		DefaultWebSiteLanguage = "Visual C#"
	EndProjectSection
EndProject
Global
	GlobalSection(SolutionConfigurationPlatforms) = preSolution
		Debug|Any CPU = Debug|Any CPU
	EndGlobalSection
	GlobalSection(ProjectConfigurationPlatforms) = postSolution
		{DE9C8953-93A7-4FED-9609-0C9F393388B2}.Debug|Any CPU.ActiveCfg = Debug|Any CPU
		{DE9C8953-93A7-4FED-9609-0C9F393388B2}.Debug|Any CPU.Build.0 = Debug|Any CPU
	EndGlobalSection
	GlobalSection(SolutionProperties) = preSolution
		HideSolutionNode = FALSE
	EndGlobalSection
	GlobalSection(ExtensibilityGlobals) = postSolution
		SolutionGuid = {C715B436-8962-45B3-847A-B1875F9BCEB8}
	EndGlobalSection
EndGlobal
